// !$*UTF8*$!
{
	archiveVersion = 1;
	classes = {
	};
	objectVersion = 56;
	objects = {

/* Begin PBXBuildFile section */
		F343109C2B953A010062A6D4 /* Swim_CarnivalApp.swift in Sources */ = {isa = PBXBuildFile; fileRef = F343109B2B953A010062A6D4 /* Swim_CarnivalApp.swift */; };
		F343109E2B953A010062A6D4 /* ContentView.swift in Sources */ = {isa = PBXBuildFile; fileRef = F343109D2B953A010062A6D4 /* ContentView.swift */; };
		F34310A02B953A040062A6D4 /* Assets.xcassets in Resources */ = {isa = PBXBuildFile; fileRef = F343109F2B953A040062A6D4 /* Assets.xcassets */; };
		F34310A32B953A040062A6D4 /* Preview Assets.xcassets in Resources */ = {isa = PBXBuildFile; fileRef = F34310A22B953A040062A6D4 /* Preview Assets.xcassets */; };
		F34310AE2B953A040062A6D4 /* Swim_CarnivalTests.swift in Sources */ = {isa = PBXBuildFile; fileRef = F34310AD2B953A040062A6D4 /* Swim_CarnivalTests.swift */; };
		F34310B82B953A040062A6D4 /* Swim_CarnivalUITests.swift in Sources */ = {isa = PBXBuildFile; fileRef = F34310B72B953A040062A6D4 /* Swim_CarnivalUITests.swift */; };
		F34310BA2B953A040062A6D4 /* Swim_CarnivalUITestsLaunchTests.swift in Sources */ = {isa = PBXBuildFile; fileRef = F34310B92B953A040062A6D4 /* Swim_CarnivalUITestsLaunchTests.swift */; };
		F3A38D442B953E4500683638 /* EventsList.swift in Sources */ = {isa = PBXBuildFile; fileRef = F3A38D432B953E4500683638 /* EventsList.swift */; };
		F3A38D462B953E9400683638 /* CarnivalList.swift in Sources */ = {isa = PBXBuildFile; fileRef = F3A38D452B953E9400683638 /* CarnivalList.swift */; };
/* End PBXBuildFile section */

/* Begin PBXContainerItemProxy section */
		F34310AA2B953A040062A6D4 /* PBXContainerItemProxy */ = {
			isa = PBXContainerItemProxy;
			containerPortal = F34310902B953A010062A6D4 /* Project object */;
			proxyType = 1;
			remoteGlobalIDString = F34310972B953A010062A6D4;
			remoteInfo = "Swim Carnival";
		};
		F34310B42B953A040062A6D4 /* PBXContainerItemProxy */ = {
			isa = PBXContainerItemProxy;
			containerPortal = F34310902B953A010062A6D4 /* Project object */;
			proxyType = 1;
			remoteGlobalIDString = F34310972B953A010062A6D4;
			remoteInfo = "Swim Carnival";
		};
/* End PBXContainerItemProxy section */

/* Begin PBXFileReference section */
		F34310982B953A010062A6D4 /* Swim Carnival.app */ = {isa = PBXFileReference; explicitFileType = wrapper.application; includeInIndex = 0; path = "Swim Carnival.app"; sourceTree = BUILT_PRODUCTS_DIR; };
		F343109B2B953A010062A6D4 /* Swim_CarnivalApp.swift */ = {isa = PBXFileReference; lastKnownFileType = sourcecode.swift; path = Swim_CarnivalApp.swift; sourceTree = "<group>"; };
		F343109D2B953A010062A6D4 /* ContentView.swift */ = {isa = PBXFileReference; lastKnownFileType = sourcecode.swift; path = ContentView.swift; sourceTree = "<group>"; };
		F343109F2B953A040062A6D4 /* Assets.xcassets */ = {isa = PBXFileReference; lastKnownFileType = folder.assetcatalog; path = Assets.xcassets; sourceTree = "<group>"; };
		F34310A22B953A040062A6D4 /* Preview Assets.xcassets */ = {isa = PBXFileReference; lastKnownFileType = folder.assetcatalog; path = "Preview Assets.xcassets"; sourceTree = "<group>"; };
		F34310A42B953A040062A6D4 /* Swim_Carnival.entitlements */ = {isa = PBXFileReference; lastKnownFileType = text.plist.entitlements; path = Swim_Carnival.entitlements; sourceTree = "<group>"; };
		F34310A92B953A040062A6D4 /* Swim CarnivalTests.xctest */ = {isa = PBXFileReference; explicitFileType = wrapper.cfbundle; includeInIndex = 0; path = "Swim CarnivalTests.xctest"; sourceTree = BUILT_PRODUCTS_DIR; };
		F34310AD2B953A040062A6D4 /* Swim_CarnivalTests.swift */ = {isa = PBXFileReference; lastKnownFileType = sourcecode.swift; path = Swim_CarnivalTests.swift; sourceTree = "<group>"; };
		F34310B32B953A040062A6D4 /* Swim CarnivalUITests.xctest */ = {isa = PBXFileReference; explicitFileType = wrapper.cfbundle; includeInIndex = 0; path = "Swim CarnivalUITests.xctest"; sourceTree = BUILT_PRODUCTS_DIR; };
		F34310B72B953A040062A6D4 /* Swim_CarnivalUITests.swift */ = {isa = PBXFileReference; lastKnownFileType = sourcecode.swift; path = Swim_CarnivalUITests.swift; sourceTree = "<group>"; };
		F34310B92B953A040062A6D4 /* Swim_CarnivalUITestsLaunchTests.swift */ = {isa = PBXFileReference; lastKnownFileType = sourcecode.swift; path = Swim_CarnivalUITestsLaunchTests.swift; sourceTree = "<group>"; };
		F3A38D432B953E4500683638 /* EventsList.swift */ = {isa = PBXFileReference; lastKnownFileType = sourcecode.swift; path = EventsList.swift; sourceTree = "<group>"; };
		F3A38D452B953E9400683638 /* CarnivalList.swift */ = {isa = PBXFileReference; lastKnownFileType = sourcecode.swift; path = CarnivalList.swift; sourceTree = "<group>"; };
/* End PBXFileReference section */

/* Begin PBXFrameworksBuildPhase section */
		F34310952B953A010062A6D4 /* Frameworks */ = {
			isa = PBXFrameworksBuildPhase;
			buildActionMask = 2147483647;
			files = (
			);
			runOnlyForDeploymentPostprocessing = 0;
		};
		F34310A62B953A040062A6D4 /* Frameworks */ = {
			isa = PBXFrameworksBuildPhase;
			buildActionMask = 2147483647;
			files = (
			);
			runOnlyForDeploymentPostprocessing = 0;
		};
		F34310B02B953A040062A6D4 /* Frameworks */ = {
			isa = PBXFrameworksBuildPhase;
			buildActionMask = 2147483647;
			files = (
			);
			runOnlyForDeploymentPostprocessing = 0;
		};
/* End PBXFrameworksBuildPhase section */

/* Begin PBXGroup section */
		F343108F2B953A010062A6D4 = {
			isa = PBXGroup;
			children = (
				F343109A2B953A010062A6D4 /* Swim Carnival */,
				F34310AC2B953A040062A6D4 /* Swim CarnivalTests */,
				F34310B62B953A040062A6D4 /* Swim CarnivalUITests */,
				F34310992B953A010062A6D4 /* Products */,
			);
			sourceTree = "<group>";
		};
		F34310992B953A010062A6D4 /* Products */ = {
			isa = PBXGroup;
			children = (
				F34310982B953A010062A6D4 /* Swim Carnival.app */,
				F34310A92B953A040062A6D4 /* Swim CarnivalTests.xctest */,
				F34310B32B953A040062A6D4 /* Swim CarnivalUITests.xctest */,
			);
			name = Products;
			sourceTree = "<group>";
		};
		F343109A2B953A010062A6D4 /* Swim Carnival */ = {
			isa = PBXGroup;
			children = (
				F343109B2B953A010062A6D4 /* Swim_CarnivalApp.swift */,
				F343109D2B953A010062A6D4 /* ContentView.swift */,
				F3A38D3F2B953B4200683638 /* Scoring */,
				F3A38D402B953B4A00683638 /* Athletes */,
				F343109F2B953A040062A6D4 /* Assets.xcassets */,
				F34310A42B953A040062A6D4 /* Swim_Carnival.entitlements */,
				F34310A12B953A040062A6D4 /* Preview Content */,
			);
			path = "Swim Carnival";
			sourceTree = "<group>";
		};
		F34310A12B953A040062A6D4 /* Preview Content */ = {
			isa = PBXGroup;
			children = (
				F34310A22B953A040062A6D4 /* Preview Assets.xcassets */,
			);
			path = "Preview Content";
			sourceTree = "<group>";
		};
		F34310AC2B953A040062A6D4 /* Swim CarnivalTests */ = {
			isa = PBXGroup;
			children = (
				F34310AD2B953A040062A6D4 /* Swim_CarnivalTests.swift */,
			);
			path = "Swim CarnivalTests";
			sourceTree = "<group>";
		};
		F34310B62B953A040062A6D4 /* Swim CarnivalUITests */ = {
			isa = PBXGroup;
			children = (
				F34310B72B953A040062A6D4 /* Swim_CarnivalUITests.swift */,
				F34310B92B953A040062A6D4 /* Swim_CarnivalUITestsLaunchTests.swift */,
			);
			path = "Swim CarnivalUITests";
			sourceTree = "<group>";
		};
		F3A38D3F2B953B4200683638 /* Scoring */ = {
			isa = PBXGroup;
			children = (
				F3A38D432B953E4500683638 /* EventsList.swift */,
				F3A38D452B953E9400683638 /* CarnivalList.swift */,
			);
			path = Scoring;
			sourceTree = "<group>";
		};
		F3A38D402B953B4A00683638 /* Athletes */ = {
			isa = PBXGroup;
			children = (
			);
			path = Athletes;
			sourceTree = "<group>";
		};
/* End PBXGroup section */

/* Begin PBXNativeTarget section */
		F34310972B953A010062A6D4 /* Swim Carnival */ = {
			isa = PBXNativeTarget;
			buildConfigurationList = F34310BD2B953A040062A6D4 /* Build configuration list for PBXNativeTarget "Swim Carnival" */;
			buildPhases = (
				F34310942B953A010062A6D4 /* Sources */,
				F34310952B953A010062A6D4 /* Frameworks */,
				F34310962B953A010062A6D4 /* Resources */,
			);
			buildRules = (
			);
			dependencies = (
			);
			name = "Swim Carnival";
			productName = "Swim Carnival";
			productReference = F34310982B953A010062A6D4 /* Swim Carnival.app */;
			productType = "com.apple.product-type.application";
		};
		F34310A82B953A040062A6D4 /* Swim CarnivalTests */ = {
			isa = PBXNativeTarget;
			buildConfigurationList = F34310C02B953A040062A6D4 /* Build configuration list for PBXNativeTarget "Swim CarnivalTests" */;
			buildPhases = (
				F34310A52B953A040062A6D4 /* Sources */,
				F34310A62B953A040062A6D4 /* Frameworks */,
				F34310A72B953A040062A6D4 /* Resources */,
			);
			buildRules = (
			);
			dependencies = (
				F34310AB2B953A040062A6D4 /* PBXTargetDependency */,
			);
			name = "Swim CarnivalTests";
			productName = "Swim CarnivalTests";
			productReference = F34310A92B953A040062A6D4 /* Swim CarnivalTests.xctest */;
			productType = "com.apple.product-type.bundle.unit-test";
		};
		F34310B22B953A040062A6D4 /* Swim CarnivalUITests */ = {
			isa = PBXNativeTarget;
			buildConfigurationList = F34310C32B953A040062A6D4 /* Build configuration list for PBXNativeTarget "Swim CarnivalUITests" */;
			buildPhases = (
				F34310AF2B953A040062A6D4 /* Sources */,
				F34310B02B953A040062A6D4 /* Frameworks */,
				F34310B12B953A040062A6D4 /* Resources */,
			);
			buildRules = (
			);
			dependencies = (
				F34310B52B953A040062A6D4 /* PBXTargetDependency */,
			);
			name = "Swim CarnivalUITests";
			productName = "Swim CarnivalUITests";
			productReference = F34310B32B953A040062A6D4 /* Swim CarnivalUITests.xctest */;
			productType = "com.apple.product-type.bundle.ui-testing";
		};
/* End PBXNativeTarget section */

/* Begin PBXProject section */
		F34310902B953A010062A6D4 /* Project object */ = {
			isa = PBXProject;
			attributes = {
				BuildIndependentTargetsInParallel = 1;
				LastSwiftUpdateCheck = 1520;
				LastUpgradeCheck = 1520;
				TargetAttributes = {
					F34310972B953A010062A6D4 = {
						CreatedOnToolsVersion = 15.2;
					};
					F34310A82B953A040062A6D4 = {
						CreatedOnToolsVersion = 15.2;
						TestTargetID = F34310972B953A010062A6D4;
					};
					F34310B22B953A040062A6D4 = {
						CreatedOnToolsVersion = 15.2;
						TestTargetID = F34310972B953A010062A6D4;
					};
				};
			};
			buildConfigurationList = F34310932B953A010062A6D4 /* Build configuration list for PBXProject "Swim Carnival" */;
			compatibilityVersion = "Xcode 14.0";
			developmentRegion = en;
			hasScannedForEncodings = 0;
			knownRegions = (
				en,
				Base,
			);
			mainGroup = F343108F2B953A010062A6D4;
			productRefGroup = F34310992B953A010062A6D4 /* Products */;
			projectDirPath = "";
			projectRoot = "";
			targets = (
				F34310972B953A010062A6D4 /* Swim Carnival */,
				F34310A82B953A040062A6D4 /* Swim CarnivalTests */,
				F34310B22B953A040062A6D4 /* Swim CarnivalUITests */,
			);
		};
/* End PBXProject section */

/* Begin PBXResourcesBuildPhase section */
		F34310962B953A010062A6D4 /* Resources */ = {
			isa = PBXResourcesBuildPhase;
			buildActionMask = 2147483647;
			files = (
				F34310A32B953A040062A6D4 /* Preview Assets.xcassets in Resources */,
				F34310A02B953A040062A6D4 /* Assets.xcassets in Resources */,
			);
			runOnlyForDeploymentPostprocessing = 0;
		};
		F34310A72B953A040062A6D4 /* Resources */ = {
			isa = PBXResourcesBuildPhase;
			buildActionMask = 2147483647;
			files = (
			);
			runOnlyForDeploymentPostprocessing = 0;
		};
		F34310B12B953A040062A6D4 /* Resources */ = {
			isa = PBXResourcesBuildPhase;
			buildActionMask = 2147483647;
			files = (
			);
			runOnlyForDeploymentPostprocessing = 0;
		};
/* End PBXResourcesBuildPhase section */

/* Begin PBXSourcesBuildPhase section */
		F34310942B953A010062A6D4 /* Sources */ = {
			isa = PBXSourcesBuildPhase;
			buildActionMask = 2147483647;
			files = (
				F343109E2B953A010062A6D4 /* ContentView.swift in Sources */,
				F3A38D462B953E9400683638 /* CarnivalList.swift in Sources */,
				F3A38D442B953E4500683638 /* EventsList.swift in Sources */,
				F343109C2B953A010062A6D4 /* Swim_CarnivalApp.swift in Sources */,
			);
			runOnlyForDeploymentPostprocessing = 0;
		};
		F34310A52B953A040062A6D4 /* Sources */ = {
			isa = PBXSourcesBuildPhase;
			buildActionMask = 2147483647;
			files = (
				F34310AE2B953A040062A6D4 /* Swim_CarnivalTests.swift in Sources */,
			);
			runOnlyForDeploymentPostprocessing = 0;
		};
		F34310AF2B953A040062A6D4 /* Sources */ = {
			isa = PBXSourcesBuildPhase;
			buildActionMask = 2147483647;
			files = (
				F34310BA2B953A040062A6D4 /* Swim_CarnivalUITestsLaunchTests.swift in Sources */,
				F34310B82B953A040062A6D4 /* Swim_CarnivalUITests.swift in Sources */,
			);
			runOnlyForDeploymentPostprocessing = 0;
		};
/* End PBXSourcesBuildPhase section */

/* Begin PBXTargetDependency section */
		F34310AB2B953A040062A6D4 /* PBXTargetDependency */ = {
			isa = PBXTargetDependency;
			target = F34310972B953A010062A6D4 /* Swim Carnival */;
			targetProxy = F34310AA2B953A040062A6D4 /* PBXContainerItemProxy */;
		};
		F34310B52B953A040062A6D4 /* PBXTargetDependency */ = {
			isa = PBXTargetDependency;
			target = F34310972B953A010062A6D4 /* Swim Carnival */;
			targetProxy = F34310B42B953A040062A6D4 /* PBXContainerItemProxy */;
		};
/* End PBXTargetDependency section */

/* Begin XCBuildConfiguration section */
		F34310BB2B953A040062A6D4 /* Debug */ = {
			isa = XCBuildConfiguration;
			buildSettings = {
				ALWAYS_SEARCH_USER_PATHS = NO;
				ASSETCATALOG_COMPILER_GENERATE_SWIFT_ASSET_SYMBOL_EXTENSIONS = YES;
				CLANG_ANALYZER_NONNULL = YES;
				CLANG_ANALYZER_NUMBER_OBJECT_CONVERSION = YES_AGGRESSIVE;
				CLANG_CXX_LANGUAGE_STANDARD = "gnu++20";
				CLANG_ENABLE_MODULES = YES;
				CLANG_ENABLE_OBJC_ARC = YES;
				CLANG_ENABLE_OBJC_WEAK = YES;
				CLANG_WARN_BLOCK_CAPTURE_AUTORELEASING = YES;
				CLANG_WARN_BOOL_CONVERSION = YES;
				CLANG_WARN_COMMA = YES;
				CLANG_WARN_CONSTANT_CONVERSION = YES;
				CLANG_WARN_DEPRECATED_OBJC_IMPLEMENTATIONS = YES;
				CLANG_WARN_DIRECT_OBJC_ISA_USAGE = YES_ERROR;
				CLANG_WARN_DOCUMENTATION_COMMENTS = YES;
				CLANG_WARN_EMPTY_BODY = YES;
				CLANG_WARN_ENUM_CONVERSION = YES;
				CLANG_WARN_INFINITE_RECURSION = YES;
				CLANG_WARN_INT_CONVERSION = YES;
				CLANG_WARN_NON_LITERAL_NULL_CONVERSION = YES;
				CLANG_WARN_OBJC_IMPLICIT_RETAIN_SELF = YES;
				CLANG_WARN_OBJC_LITERAL_CONVERSION = YES;
				CLANG_WARN_OBJC_ROOT_CLASS = YES_ERROR;
				CLANG_WARN_QUOTED_INCLUDE_IN_FRAMEWORK_HEADER = YES;
				CLANG_WARN_RANGE_LOOP_ANALYSIS = YES;
				CLANG_WARN_STRICT_PROTOTYPES = YES;
				CLANG_WARN_SUSPICIOUS_MOVE = YES;
				CLANG_WARN_UNGUARDED_AVAILABILITY = YES_AGGRESSIVE;
				CLANG_WARN_UNREACHABLE_CODE = YES;
				CLANG_WARN__DUPLICATE_METHOD_MATCH = YES;
				COPY_PHASE_STRIP = NO;
				DEBUG_INFORMATION_FORMAT = dwarf;
				ENABLE_STRICT_OBJC_MSGSEND = YES;
				ENABLE_TESTABILITY = YES;
				ENABLE_USER_SCRIPT_SANDBOXING = YES;
				GCC_C_LANGUAGE_STANDARD = gnu17;
				GCC_DYNAMIC_NO_PIC = NO;
				GCC_NO_COMMON_BLOCKS = YES;
				GCC_OPTIMIZATION_LEVEL = 0;
				GCC_PREPROCESSOR_DEFINITIONS = (
					"DEBUG=1",
					"$(inherited)",
				);
				GCC_WARN_64_TO_32_BIT_CONVERSION = YES;
				GCC_WARN_ABOUT_RETURN_TYPE = YES_ERROR;
				GCC_WARN_UNDECLARED_SELECTOR = YES;
				GCC_WARN_UNINITIALIZED_AUTOS = YES_AGGRESSIVE;
				GCC_WARN_UNUSED_FUNCTION = YES;
				GCC_WARN_UNUSED_VARIABLE = YES;
				LOCALIZATION_PREFERS_STRING_CATALOGS = YES;
				MACOSX_DEPLOYMENT_TARGET = 14.2;
				MTL_ENABLE_DEBUG_INFO = INCLUDE_SOURCE;
				MTL_FAST_MATH = YES;
				ONLY_ACTIVE_ARCH = YES;
				SDKROOT = macosx;
				SWIFT_ACTIVE_COMPILATION_CONDITIONS = "DEBUG $(inherited)";
				SWIFT_OPTIMIZATION_LEVEL = "-Onone";
			};
			name = Debug;
		};
		F34310BC2B953A040062A6D4 /* Release */ = {
			isa = XCBuildConfiguration;
			buildSettings = {
				ALWAYS_SEARCH_USER_PATHS = NO;
				ASSETCATALOG_COMPILER_GENERATE_SWIFT_ASSET_SYMBOL_EXTENSIONS = YES;
				CLANG_ANALYZER_NONNULL = YES;
				CLANG_ANALYZER_NUMBER_OBJECT_CONVERSION = YES_AGGRESSIVE;
				CLANG_CXX_LANGUAGE_STANDARD = "gnu++20";
				CLANG_ENABLE_MODULES = YES;
				CLANG_ENABLE_OBJC_ARC = YES;
				CLANG_ENABLE_OBJC_WEAK = YES;
				CLANG_WARN_BLOCK_CAPTURE_AUTORELEASING = YES;
				CLANG_WARN_BOOL_CONVERSION = YES;
				CLANG_WARN_COMMA = YES;
				CLANG_WARN_CONSTANT_CONVERSION = YES;
				CLANG_WARN_DEPRECATED_OBJC_IMPLEMENTATIONS = YES;
				CLANG_WARN_DIRECT_OBJC_ISA_USAGE = YES_ERROR;
				CLANG_WARN_DOCUMENTATION_COMMENTS = YES;
				CLANG_WARN_EMPTY_BODY = YES;
				CLANG_WARN_ENUM_CONVERSION = YES;
				CLANG_WARN_INFINITE_RECURSION = YES;
				CLANG_WARN_INT_CONVERSION = YES;
				CLANG_WARN_NON_LITERAL_NULL_CONVERSION = YES;
				CLANG_WARN_OBJC_IMPLICIT_RETAIN_SELF = YES;
				CLANG_WARN_OBJC_LITERAL_CONVERSION = YES;
				CLANG_WARN_OBJC_ROOT_CLASS = YES_ERROR;
				CLANG_WARN_QUOTED_INCLUDE_IN_FRAMEWORK_HEADER = YES;
				CLANG_WARN_RANGE_LOOP_ANALYSIS = YES;
				CLANG_WARN_STRICT_PROTOTYPES = YES;
				CLANG_WARN_SUSPICIOUS_MOVE = YES;
				CLANG_WARN_UNGUARDED_AVAILABILITY = YES_AGGRESSIVE;
				CLANG_WARN_UNREACHABLE_CODE = YES;
				CLANG_WARN__DUPLICATE_METHOD_MATCH = YES;
				COPY_PHASE_STRIP = NO;
				DEBUG_INFORMATION_FORMAT = "dwarf-with-dsym";
				ENABLE_NS_ASSERTIONS = NO;
				ENABLE_STRICT_OBJC_MSGSEND = YES;
				ENABLE_USER_SCRIPT_SANDBOXING = YES;
				GCC_C_LANGUAGE_STANDARD = gnu17;
				GCC_NO_COMMON_BLOCKS = YES;
				GCC_WARN_64_TO_32_BIT_CONVERSION = YES;
				GCC_WARN_ABOUT_RETURN_TYPE = YES_ERROR;
				GCC_WARN_UNDECLARED_SELECTOR = YES;
				GCC_WARN_UNINITIALIZED_AUTOS = YES_AGGRESSIVE;
				GCC_WARN_UNUSED_FUNCTION = YES;
				GCC_WARN_UNUSED_VARIABLE = YES;
				LOCALIZATION_PREFERS_STRING_CATALOGS = YES;
				MACOSX_DEPLOYMENT_TARGET = 14.2;
				MTL_ENABLE_DEBUG_INFO = NO;
				MTL_FAST_MATH = YES;
				SDKROOT = macosx;
				SWIFT_COMPILATION_MODE = wholemodule;
			};
			name = Release;
		};
		F34310BE2B953A040062A6D4 /* Debug */ = {
			isa = XCBuildConfiguration;
			buildSettings = {
				ASSETCATALOG_COMPILER_APPICON_NAME = AppIcon;
				ASSETCATALOG_COMPILER_GLOBAL_ACCENT_COLOR_NAME = AccentColor;
				CODE_SIGN_ENTITLEMENTS = "Swim Carnival/Swim_Carnival.entitlements";
				CODE_SIGN_STYLE = Automatic;
				COMBINE_HIDPI_IMAGES = YES;
				CURRENT_PROJECT_VERSION = 1;
				DEVELOPMENT_ASSET_PATHS = "\"Swim Carnival/Preview Content\"";
				DEVELOPMENT_TEAM = Y3CW63NYEW;
				ENABLE_HARDENED_RUNTIME = YES;
				ENABLE_PREVIEWS = YES;
				GENERATE_INFOPLIST_FILE = YES;
				INFOPLIST_KEY_NSHumanReadableCopyright = "";
				LD_RUNPATH_SEARCH_PATHS = (
					"$(inherited)",
					"@executable_path/../Frameworks",
				);
				MARKETING_VERSION = 1.0;
				PRODUCT_BUNDLE_IDENTIFIER = "com.tomkeir.Swim-Carnival";
				PRODUCT_NAME = "$(TARGET_NAME)";
				SWIFT_EMIT_LOC_STRINGS = YES;
				SWIFT_VERSION = 5.0;
			};
			name = Debug;
		};
		F34310BF2B953A040062A6D4 /* Release */ = {
			isa = XCBuildConfiguration;
			buildSettings = {
				ASSETCATALOG_COMPILER_APPICON_NAME = AppIcon;
				ASSETCATALOG_COMPILER_GLOBAL_ACCENT_COLOR_NAME = AccentColor;
				CODE_SIGN_ENTITLEMENTS = "Swim Carnival/Swim_Carnival.entitlements";
				CODE_SIGN_STYLE = Automatic;
				COMBINE_HIDPI_IMAGES = YES;
				CURRENT_PROJECT_VERSION = 1;
				DEVELOPMENT_ASSET_PATHS = "\"Swim Carnival/Preview Content\"";
				DEVELOPMENT_TEAM = Y3CW63NYEW;
				ENABLE_HARDENED_RUNTIME = YES;
				ENABLE_PREVIEWS = YES;
				GENERATE_INFOPLIST_FILE = YES;
				INFOPLIST_KEY_NSHumanReadableCopyright = "";
				LD_RUNPATH_SEARCH_PATHS = (
					"$(inherited)",
					"@executable_path/../Frameworks",
				);
				MARKETING_VERSION = 1.0;
				PRODUCT_BUNDLE_IDENTIFIER = "com.tomkeir.Swim-Carnival";
				PRODUCT_NAME = "$(TARGET_NAME)";
				SWIFT_EMIT_LOC_STRINGS = YES;
				SWIFT_VERSION = 5.0;
			};
			name = Release;
		};
		F34310C12B953A040062A6D4 /* Debug */ = {
			isa = XCBuildConfiguration;
			buildSettings = {
				ALWAYS_EMBED_SWIFT_STANDARD_LIBRARIES = YES;
				BUNDLE_LOADER = "$(TEST_HOST)";
				CODE_SIGN_STYLE = Automatic;
				CURRENT_PROJECT_VERSION = 1;
				DEVELOPMENT_TEAM = Y3CW63NYEW;
				GENERATE_INFOPLIST_FILE = YES;
				MACOSX_DEPLOYMENT_TARGET = 14.2;
				MARKETING_VERSION = 1.0;
				PRODUCT_BUNDLE_IDENTIFIER = "com.tomkeir.Swim-CarnivalTests";
				PRODUCT_NAME = "$(TARGET_NAME)";
				SWIFT_EMIT_LOC_STRINGS = NO;
				SWIFT_VERSION = 5.0;
				TEST_HOST = "$(BUILT_PRODUCTS_DIR)/Swim Carnival.app/$(BUNDLE_EXECUTABLE_FOLDER_PATH)/Swim Carnival";
			};
			name = Debug;
		};
		F34310C22B953A040062A6D4 /* Release */ = {
			isa = XCBuildConfiguration;
			buildSettings = {
				ALWAYS_EMBED_SWIFT_STANDARD_LIBRARIES = YES;
				BUNDLE_LOADER = "$(TEST_HOST)";
				CODE_SIGN_STYLE = Automatic;
				CURRENT_PROJECT_VERSION = 1;
				DEVELOPMENT_TEAM = Y3CW63NYEW;
				GENERATE_INFOPLIST_FILE = YES;
				MACOSX_DEPLOYMENT_TARGET = 14.2;
				MARKETING_VERSION = 1.0;
				PRODUCT_BUNDLE_IDENTIFIER = "com.tomkeir.Swim-CarnivalTests";
				PRODUCT_NAME = "$(TARGET_NAME)";
				SWIFT_EMIT_LOC_STRINGS = NO;
				SWIFT_VERSION = 5.0;
				TEST_HOST = "$(BUILT_PRODUCTS_DIR)/Swim Carnival.app/$(BUNDLE_EXECUTABLE_FOLDER_PATH)/Swim Carnival";
			};
			name = Release;
		};
		F34310C42B953A040062A6D4 /* Debug */ = {
			isa = XCBuildConfiguration;
			buildSettings = {
				ALWAYS_EMBED_SWIFT_STANDARD_LIBRARIES = YES;
				CODE_SIGN_STYLE = Automatic;
				CURRENT_PROJECT_VERSION = 1;
				DEVELOPMENT_TEAM = Y3CW63NYEW;
				GENERATE_INFOPLIST_FILE = YES;
				MARKETING_VERSION = 1.0;
				PRODUCT_BUNDLE_IDENTIFIER = "com.tomkeir.Swim-CarnivalUITests";
				PRODUCT_NAME = "$(TARGET_NAME)";
				SWIFT_EMIT_LOC_STRINGS = NO;
				SWIFT_VERSION = 5.0;
				TEST_TARGET_NAME = "Swim Carnival";
			};
			name = Debug;
		};
		F34310C52B953A040062A6D4 /* Release */ = {
			isa = XCBuildConfiguration;
			buildSettings = {
				ALWAYS_EMBED_SWIFT_STANDARD_LIBRARIES = YES;
				CODE_SIGN_STYLE = Automatic;
				CURRENT_PROJECT_VERSION = 1;
				DEVELOPMENT_TEAM = Y3CW63NYEW;
				GENERATE_INFOPLIST_FILE = YES;
				MARKETING_VERSION = 1.0;
				PRODUCT_BUNDLE_IDENTIFIER = "com.tomkeir.Swim-CarnivalUITests";
				PRODUCT_NAME = "$(TARGET_NAME)";
				SWIFT_EMIT_LOC_STRINGS = NO;
				SWIFT_VERSION = 5.0;
				TEST_TARGET_NAME = "Swim Carnival";
			};
			name = Release;
		};
/* End XCBuildConfiguration section */

/* Begin XCConfigurationList section */
		F34310932B953A010062A6D4 /* Build configuration list for PBXProject "Swim Carnival" */ = {
			isa = XCConfigurationList;
			buildConfigurations = (
				F34310BB2B953A040062A6D4 /* Debug */,
				F34310BC2B953A040062A6D4 /* Release */,
			);
			defaultConfigurationIsVisible = 0;
			defaultConfigurationName = Release;
		};
		F34310BD2B953A040062A6D4 /* Build configuration list for PBXNativeTarget "Swim Carnival" */ = {
			isa = XCConfigurationList;
			buildConfigurations = (
				F34310BE2B953A040062A6D4 /* Debug */,
				F34310BF2B953A040062A6D4 /* Release */,
			);
			defaultConfigurationIsVisible = 0;
			defaultConfigurationName = Release;
		};
		F34310C02B953A040062A6D4 /* Build configuration list for PBXNativeTarget "Swim CarnivalTests" */ = {
			isa = XCConfigurationList;
			buildConfigurations = (
				F34310C12B953A040062A6D4 /* Debug */,
				F34310C22B953A040062A6D4 /* Release */,
			);
			defaultConfigurationIsVisible = 0;
			defaultConfigurationName = Release;
		};
		F34310C32B953A040062A6D4 /* Build configuration list for PBXNativeTarget "Swim CarnivalUITests" */ = {
			isa = XCConfigurationList;
			buildConfigurations = (
				F34310C42B953A040062A6D4 /* Debug */,
				F34310C52B953A040062A6D4 /* Release */,
			);
			defaultConfigurationIsVisible = 0;
			defaultConfigurationName = Release;
		};
/* End XCConfigurationList section */
	};
	rootObject = F34310902B953A010062A6D4 /* Project object */;
}
