// !$*UTF8*$!
{
	archiveVersion = 1;
	classes = {
	};
	objectVersion = 56;
	objects = {

/* Begin PBXBuildFile section */
		F31187832BFA082B004E3647 /* ExportCSV.swift in Sources */ = {isa = PBXBuildFile; fileRef = F31187822BFA082B004E3647 /* ExportCSV.swift */; };
		F31EF2ED2C040A5F00E65830 /* WelcomeScreen.swift in Sources */ = {isa = PBXBuildFile; fileRef = F31EF2EC2C040A5F00E65830 /* WelcomeScreen.swift */; };
		F33B42972C22D6EC0008318C /* styles.css in Resources */ = {isa = PBXBuildFile; fileRef = F33B42942C22D6EC0008318C /* styles.css */; };
		F33B42982C22D6EC0008318C /* User Guide.html in Resources */ = {isa = PBXBuildFile; fileRef = F33B42952C22D6EC0008318C /* User Guide.html */; };
		F33F453E2C0DC2720085ED61 /* ScoreEvent.swift in Sources */ = {isa = PBXBuildFile; fileRef = F33F453A2C0DC2720085ED61 /* ScoreEvent.swift */; };
		F33F453F2C0DC2720085ED61 /* AthleteTiming.swift in Sources */ = {isa = PBXBuildFile; fileRef = F33F453B2C0DC2720085ED61 /* AthleteTiming.swift */; };
		F33F45402C0DC2720085ED61 /* Ranks.swift in Sources */ = {isa = PBXBuildFile; fileRef = F33F453C2C0DC2720085ED61 /* Ranks.swift */; };
		F33F45412C0DC2720085ED61 /* AthleteSelection.swift in Sources */ = {isa = PBXBuildFile; fileRef = F33F453D2C0DC2720085ED61 /* AthleteSelection.swift */; };
		F3760CA02C0497EC00CEE571 /* FileLabelButton.swift in Sources */ = {isa = PBXBuildFile; fileRef = F3760C9F2C0497EC00CEE571 /* FileLabelButton.swift */; };
		F3900E832BAC115200C37122 /* Tests.swift in Sources */ = {isa = PBXBuildFile; fileRef = F3900E7E2BABF58000C37122 /* Tests.swift */; };
		F3900E852BAC116D00C37122 /* AthletesList.swift in Sources */ = {isa = PBXBuildFile; fileRef = F3900E4A2BABF57100C37122 /* AthletesList.swift */; };
		F3900E862BAC116D00C37122 /* EditEvent.swift in Sources */ = {isa = PBXBuildFile; fileRef = F3900E5D2BABF57100C37122 /* EditEvent.swift */; };
		F3900E872BAC116D00C37122 /* CarnivalView.swift in Sources */ = {isa = PBXBuildFile; fileRef = F3900E582BABF57100C37122 /* CarnivalView.swift */; };
		F3900E882BAC116D00C37122 /* CarnivalModel.swift in Sources */ = {isa = PBXBuildFile; fileRef = F3900E572BABF57100C37122 /* CarnivalModel.swift */; };
		F3900E892BAC116D00C37122 /* CarnivalLabelButton.swift in Sources */ = {isa = PBXBuildFile; fileRef = F3900E552BABF57100C37122 /* CarnivalLabelButton.swift */; };
		F3900E8A2BAC116D00C37122 /* NoCarnivalSelected.swift in Sources */ = {isa = PBXBuildFile; fileRef = F3900E592BABF57100C37122 /* NoCarnivalSelected.swift */; };
		F3900E8B2BAC116D00C37122 /* NewCarnival.swift in Sources */ = {isa = PBXBuildFile; fileRef = F3900E532BABF57100C37122 /* NewCarnival.swift */; };
		F3900E8C2BAC116D00C37122 /* CarnivalSettings.swift in Sources */ = {isa = PBXBuildFile; fileRef = F3900E522BABF57100C37122 /* CarnivalSettings.swift */; };
		F3900E8E2BAC116D00C37122 /* CarnivalList.swift in Sources */ = {isa = PBXBuildFile; fileRef = F3900E562BABF57100C37122 /* CarnivalList.swift */; };
		F3900E8F2BAC116D00C37122 /* EventsList.swift in Sources */ = {isa = PBXBuildFile; fileRef = F3900E5E2BABF57100C37122 /* EventsList.swift */; };
		F3900E902BAC116D00C37122 /* NewEvent.swift in Sources */ = {isa = PBXBuildFile; fileRef = F3900E5F2BABF57100C37122 /* NewEvent.swift */; };
		F3900E912BAC116D00C37122 /* EditAthlete.swift in Sources */ = {isa = PBXBuildFile; fileRef = F3900E4B2BABF57100C37122 /* EditAthlete.swift */; };
		F3900E932BAC116D00C37122 /* NewAthlete.swift in Sources */ = {isa = PBXBuildFile; fileRef = F3900E4C2BABF57100C37122 /* NewAthlete.swift */; };
		F39AAA8F2BAC15980054C0C2 /* ContentView.swift in Sources */ = {isa = PBXBuildFile; fileRef = F3900E632BABF57100C37122 /* ContentView.swift */; };
		F39AAA902BAC159B0054C0C2 /* SashimiApp.swift in Sources */ = {isa = PBXBuildFile; fileRef = F3900E652BABF57100C37122 /* SashimiApp.swift */; };
		F39AAA972BAC18350054C0C2 /* Assets.xcassets in Resources */ = {isa = PBXBuildFile; fileRef = F3900E622BABF57100C37122 /* Assets.xcassets */; };
		F39AAA982BAC18360054C0C2 /* Assets.xcassets in Resources */ = {isa = PBXBuildFile; fileRef = F3900E622BABF57100C37122 /* Assets.xcassets */; };
		F3ABCEBE2C0604B40077A636 /* CarnivalToolbar.swift in Sources */ = {isa = PBXBuildFile; fileRef = F3ABCEBD2C0604B40077A636 /* CarnivalToolbar.swift */; };
		F3C983E52C22EBBD008F3F4F /* ImportCSV.swift in Sources */ = {isa = PBXBuildFile; fileRef = F3C983E42C22EBBD008F3F4F /* ImportCSV.swift */; };
/* End PBXBuildFile section */

/* Begin PBXContainerItemProxy section */
		F34310AA2B953A040062A6D4 /* PBXContainerItemProxy */ = {
			isa = PBXContainerItemProxy;
			containerPortal = F34310902B953A010062A6D4 /* Project object */;
			proxyType = 1;
			remoteGlobalIDString = F34310972B953A010062A6D4;
			remoteInfo = "Swim Carnival";
		};
/* End PBXContainerItemProxy section */

/* Begin PBXFileReference section */
		F31187822BFA082B004E3647 /* ExportCSV.swift */ = {isa = PBXFileReference; lastKnownFileType = sourcecode.swift; path = ExportCSV.swift; sourceTree = "<group>"; };
		F31EF2EC2C040A5F00E65830 /* WelcomeScreen.swift */ = {isa = PBXFileReference; lastKnownFileType = sourcecode.swift; path = WelcomeScreen.swift; sourceTree = "<group>"; };
		F33B42942C22D6EC0008318C /* styles.css */ = {isa = PBXFileReference; fileEncoding = 4; lastKnownFileType = text.css; path = styles.css; sourceTree = "<group>"; };
		F33B42952C22D6EC0008318C /* User Guide.html */ = {isa = PBXFileReference; fileEncoding = 4; lastKnownFileType = text.html.documentation; path = "User Guide.html"; sourceTree = "<group>"; };
		F33F453A2C0DC2720085ED61 /* ScoreEvent.swift */ = {isa = PBXFileReference; fileEncoding = 4; lastKnownFileType = sourcecode.swift; name = ScoreEvent.swift; path = Scoring/ScoreEvent.swift; sourceTree = SOURCE_ROOT; };
		F33F453B2C0DC2720085ED61 /* AthleteTiming.swift */ = {isa = PBXFileReference; fileEncoding = 4; lastKnownFileType = sourcecode.swift; name = AthleteTiming.swift; path = Scoring/AthleteTiming.swift; sourceTree = SOURCE_ROOT; };
		F33F453C2C0DC2720085ED61 /* Ranks.swift */ = {isa = PBXFileReference; fileEncoding = 4; lastKnownFileType = sourcecode.swift; name = Ranks.swift; path = Scoring/Ranks.swift; sourceTree = SOURCE_ROOT; };
		F33F453D2C0DC2720085ED61 /* AthleteSelection.swift */ = {isa = PBXFileReference; fileEncoding = 4; lastKnownFileType = sourcecode.swift; name = AthleteSelection.swift; path = Scoring/AthleteSelection.swift; sourceTree = SOURCE_ROOT; };
		F34310982B953A010062A6D4 /* Sashimi.app */ = {isa = PBXFileReference; explicitFileType = wrapper.application; includeInIndex = 0; path = Sashimi.app; sourceTree = BUILT_PRODUCTS_DIR; };
		F34310A92B953A040062A6D4 /* SashimiTests.xctest */ = {isa = PBXFileReference; explicitFileType = wrapper.cfbundle; includeInIndex = 0; path = SashimiTests.xctest; sourceTree = BUILT_PRODUCTS_DIR; };
		F3760C9F2C0497EC00CEE571 /* FileLabelButton.swift */ = {isa = PBXFileReference; lastKnownFileType = sourcecode.swift; path = FileLabelButton.swift; sourceTree = "<group>"; };
		F3900E4A2BABF57100C37122 /* AthletesList.swift */ = {isa = PBXFileReference; fileEncoding = 4; lastKnownFileType = sourcecode.swift; path = AthletesList.swift; sourceTree = "<group>"; };
		F3900E4B2BABF57100C37122 /* EditAthlete.swift */ = {isa = PBXFileReference; fileEncoding = 4; lastKnownFileType = sourcecode.swift; path = EditAthlete.swift; sourceTree = "<group>"; };
		F3900E4C2BABF57100C37122 /* NewAthlete.swift */ = {isa = PBXFileReference; fileEncoding = 4; lastKnownFileType = sourcecode.swift; path = NewAthlete.swift; sourceTree = "<group>"; };
		F3900E522BABF57100C37122 /* CarnivalSettings.swift */ = {isa = PBXFileReference; fileEncoding = 4; lastKnownFileType = sourcecode.swift; path = CarnivalSettings.swift; sourceTree = "<group>"; };
		F3900E532BABF57100C37122 /* NewCarnival.swift */ = {isa = PBXFileReference; fileEncoding = 4; lastKnownFileType = sourcecode.swift; path = NewCarnival.swift; sourceTree = "<group>"; };
		F3900E552BABF57100C37122 /* CarnivalLabelButton.swift */ = {isa = PBXFileReference; fileEncoding = 4; lastKnownFileType = sourcecode.swift; path = CarnivalLabelButton.swift; sourceTree = "<group>"; };
		F3900E562BABF57100C37122 /* CarnivalList.swift */ = {isa = PBXFileReference; fileEncoding = 4; lastKnownFileType = sourcecode.swift; path = CarnivalList.swift; sourceTree = "<group>"; };
		F3900E572BABF57100C37122 /* CarnivalModel.swift */ = {isa = PBXFileReference; fileEncoding = 4; lastKnownFileType = sourcecode.swift; path = CarnivalModel.swift; sourceTree = "<group>"; };
		F3900E582BABF57100C37122 /* CarnivalView.swift */ = {isa = PBXFileReference; fileEncoding = 4; lastKnownFileType = sourcecode.swift; path = CarnivalView.swift; sourceTree = "<group>"; };
		F3900E592BABF57100C37122 /* NoCarnivalSelected.swift */ = {isa = PBXFileReference; fileEncoding = 4; lastKnownFileType = sourcecode.swift; path = NoCarnivalSelected.swift; sourceTree = "<group>"; };
		F3900E5D2BABF57100C37122 /* EditEvent.swift */ = {isa = PBXFileReference; fileEncoding = 4; lastKnownFileType = sourcecode.swift; path = EditEvent.swift; sourceTree = "<group>"; };
		F3900E5E2BABF57100C37122 /* EventsList.swift */ = {isa = PBXFileReference; fileEncoding = 4; lastKnownFileType = sourcecode.swift; path = EventsList.swift; sourceTree = "<group>"; };
		F3900E5F2BABF57100C37122 /* NewEvent.swift */ = {isa = PBXFileReference; fileEncoding = 4; lastKnownFileType = sourcecode.swift; path = NewEvent.swift; sourceTree = "<group>"; };
		F3900E622BABF57100C37122 /* Assets.xcassets */ = {isa = PBXFileReference; lastKnownFileType = folder.assetcatalog; path = Assets.xcassets; sourceTree = "<group>"; };
		F3900E632BABF57100C37122 /* ContentView.swift */ = {isa = PBXFileReference; fileEncoding = 4; lastKnownFileType = sourcecode.swift; path = ContentView.swift; sourceTree = "<group>"; };
		F3900E652BABF57100C37122 /* SashimiApp.swift */ = {isa = PBXFileReference; fileEncoding = 4; lastKnownFileType = sourcecode.swift; path = SashimiApp.swift; sourceTree = "<group>"; };
		F3900E7E2BABF58000C37122 /* Tests.swift */ = {isa = PBXFileReference; fileEncoding = 4; lastKnownFileType = sourcecode.swift; path = Tests.swift; sourceTree = "<group>"; };
		F39AAA962BAC171C0054C0C2 /* Sashimi.entitlements */ = {isa = PBXFileReference; lastKnownFileType = text.plist.entitlements; path = Sashimi.entitlements; sourceTree = "<group>"; };
		F3ABCEBD2C0604B40077A636 /* CarnivalToolbar.swift */ = {isa = PBXFileReference; lastKnownFileType = sourcecode.swift; path = CarnivalToolbar.swift; sourceTree = "<group>"; };
		F3B9CCEF2BFC169E0047B162 /* Info.plist */ = {isa = PBXFileReference; lastKnownFileType = text.plist.xml; path = Info.plist; sourceTree = "<group>"; };
		F3C983E42C22EBBD008F3F4F /* ImportCSV.swift */ = {isa = PBXFileReference; lastKnownFileType = sourcecode.swift; path = ImportCSV.swift; sourceTree = "<group>"; };
/* End PBXFileReference section */

/* Begin PBXFrameworksBuildPhase section */
		F34310952B953A010062A6D4 /* Frameworks */ = {
			isa = PBXFrameworksBuildPhase;
			buildActionMask = 2147483647;
			files = (
			);
			runOnlyForDeploymentPostprocessing = 0;
		};
		F34310A62B953A040062A6D4 /* Frameworks */ = {
			isa = PBXFrameworksBuildPhase;
			buildActionMask = 2147483647;
			files = (
			);
			runOnlyForDeploymentPostprocessing = 0;
		};
/* End PBXFrameworksBuildPhase section */

/* Begin PBXGroup section */
		F33B42962C22D6EC0008318C /* Documentation */ = {
			isa = PBXGroup;
			children = (
				F33B42942C22D6EC0008318C /* styles.css */,
				F33B42952C22D6EC0008318C /* User Guide.html */,
			);
			path = Documentation;
			sourceTree = "<group>";
		};
		F33F452C2C0DC2250085ED61 /* Scoring */ = {
			isa = PBXGroup;
			children = (
				F33F453A2C0DC2720085ED61 /* ScoreEvent.swift */,
				F33F453B2C0DC2720085ED61 /* AthleteTiming.swift */,
				F33F453D2C0DC2720085ED61 /* AthleteSelection.swift */,
				F33F453C2C0DC2720085ED61 /* Ranks.swift */,
			);
			name = Scoring;
			path = Sashimi/Scoring;
			sourceTree = SOURCE_ROOT;
		};
		F343108F2B953A010062A6D4 = {
			isa = PBXGroup;
			children = (
				F3B9CCEF2BFC169E0047B162 /* Info.plist */,
				F39AAA962BAC171C0054C0C2 /* Sashimi.entitlements */,
				F3900E622BABF57100C37122 /* Assets.xcassets */,
				F33B42962C22D6EC0008318C /* Documentation */,
				F3900E7E2BABF58000C37122 /* Tests.swift */,
				F3900E652BABF57100C37122 /* SashimiApp.swift */,
				F3900E572BABF57100C37122 /* CarnivalModel.swift */,
				F3900E632BABF57100C37122 /* ContentView.swift */,
				F31EF2EC2C040A5F00E65830 /* WelcomeScreen.swift */,
				F3900E5A2BABF57100C37122 /* Carnival */,
				F34310992B953A010062A6D4 /* Products */,
			);
			sourceTree = "<group>";
		};
		F34310992B953A010062A6D4 /* Products */ = {
			isa = PBXGroup;
			children = (
				F34310982B953A010062A6D4 /* Sashimi.app */,
				F34310A92B953A040062A6D4 /* SashimiTests.xctest */,
			);
			name = Products;
			sourceTree = "<group>";
		};
		F3900E4E2BABF57100C37122 /* Athletes */ = {
			isa = PBXGroup;
			children = (
				F31187822BFA082B004E3647 /* ExportCSV.swift */,
				F3C983E42C22EBBD008F3F4F /* ImportCSV.swift */,
				F3900E4A2BABF57100C37122 /* AthletesList.swift */,
				F3900E4B2BABF57100C37122 /* EditAthlete.swift */,
				F3900E4C2BABF57100C37122 /* NewAthlete.swift */,
			);
			path = Athletes;
			sourceTree = "<group>";
		};
		F3900E502BABF57100C37122 /* Events */ = {
			isa = PBXGroup;
			children = (
				F3900E5E2BABF57100C37122 /* EventsList.swift */,
				F3900E5D2BABF57100C37122 /* EditEvent.swift */,
				F3900E5F2BABF57100C37122 /* NewEvent.swift */,
				F33F452C2C0DC2250085ED61 /* Scoring */,
			);
			path = Events;
			sourceTree = "<group>";
		};
		F3900E542BABF57100C37122 /* New Carnival */ = {
			isa = PBXGroup;
			children = (
				F3900E532BABF57100C37122 /* NewCarnival.swift */,
				F3900E522BABF57100C37122 /* CarnivalSettings.swift */,
			);
			path = "New Carnival";
			sourceTree = "<group>";
		};
		F3900E5A2BABF57100C37122 /* Carnival */ = {
			isa = PBXGroup;
			children = (
				F3ABCEBD2C0604B40077A636 /* CarnivalToolbar.swift */,
				F3900E562BABF57100C37122 /* CarnivalList.swift */,
				F3900E582BABF57100C37122 /* CarnivalView.swift */,
				F3900E592BABF57100C37122 /* NoCarnivalSelected.swift */,
				F3900E552BABF57100C37122 /* CarnivalLabelButton.swift */,
				F3760C9F2C0497EC00CEE571 /* FileLabelButton.swift */,
				F3900E542BABF57100C37122 /* New Carnival */,
				F3900E4E2BABF57100C37122 /* Athletes */,
				F3900E502BABF57100C37122 /* Events */,
			);
			path = Carnival;
			sourceTree = "<group>";
		};
/* End PBXGroup section */

/* Begin PBXNativeTarget section */
		F34310972B953A010062A6D4 /* Sashimi */ = {
			isa = PBXNativeTarget;
			buildConfigurationList = F34310BD2B953A040062A6D4 /* Build configuration list for PBXNativeTarget "Sashimi" */;
			buildPhases = (
				F34310942B953A010062A6D4 /* Sources */,
				F34310952B953A010062A6D4 /* Frameworks */,
				F34310962B953A010062A6D4 /* Resources */,
			);
			buildRules = (
			);
			dependencies = (
			);
			name = Sashimi;
			packageProductDependencies = (
			);
			productName = "Swim Carnival";
			productReference = F34310982B953A010062A6D4 /* Sashimi.app */;
			productType = "com.apple.product-type.application";
		};
		F34310A82B953A040062A6D4 /* SashimiTests */ = {
			isa = PBXNativeTarget;
			buildConfigurationList = F34310C02B953A040062A6D4 /* Build configuration list for PBXNativeTarget "SashimiTests" */;
			buildPhases = (
				F34310A52B953A040062A6D4 /* Sources */,
				F34310A62B953A040062A6D4 /* Frameworks */,
				F34310A72B953A040062A6D4 /* Resources */,
			);
			buildRules = (
			);
			dependencies = (
				F34310AB2B953A040062A6D4 /* PBXTargetDependency */,
			);
			name = SashimiTests;
			productName = "Swim CarnivalTests";
			productReference = F34310A92B953A040062A6D4 /* SashimiTests.xctest */;
			productType = "com.apple.product-type.bundle.unit-test";
		};
/* End PBXNativeTarget section */

/* Begin PBXProject section */
		F34310902B953A010062A6D4 /* Project object */ = {
			isa = PBXProject;
			attributes = {
				BuildIndependentTargetsInParallel = 1;
				LastSwiftUpdateCheck = 1520;
				LastUpgradeCheck = 1530;
				TargetAttributes = {
					F34310972B953A010062A6D4 = {
						CreatedOnToolsVersion = 15.2;
					};
					F34310A82B953A040062A6D4 = {
						CreatedOnToolsVersion = 15.2;
						TestTargetID = F34310972B953A010062A6D4;
					};
				};
			};
			buildConfigurationList = F34310932B953A010062A6D4 /* Build configuration list for PBXProject "Sashimi" */;
			compatibilityVersion = "Xcode 14.0";
			developmentRegion = en;
			hasScannedForEncodings = 0;
			knownRegions = (
				en,
				Base,
			);
			mainGroup = F343108F2B953A010062A6D4;
			packageReferences = (
			);
			productRefGroup = F34310992B953A010062A6D4 /* Products */;
			projectDirPath = "";
			projectRoot = "";
			targets = (
				F34310972B953A010062A6D4 /* Sashimi */,
				F34310A82B953A040062A6D4 /* SashimiTests */,
			);
		};
/* End PBXProject section */

/* Begin PBXResourcesBuildPhase section */
		F34310962B953A010062A6D4 /* Resources */ = {
			isa = PBXResourcesBuildPhase;
			buildActionMask = 2147483647;
			files = (
				F39AAA972BAC18350054C0C2 /* Assets.xcassets in Resources */,
				F33B42972C22D6EC0008318C /* styles.css in Resources */,
				F33B42982C22D6EC0008318C /* User Guide.html in Resources */,
			);
			runOnlyForDeploymentPostprocessing = 0;
		};
		F34310A72B953A040062A6D4 /* Resources */ = {
			isa = PBXResourcesBuildPhase;
			buildActionMask = 2147483647;
			files = (
				F39AAA982BAC18360054C0C2 /* Assets.xcassets in Resources */,
			);
			runOnlyForDeploymentPostprocessing = 0;
		};
/* End PBXResourcesBuildPhase section */

/* Begin PBXSourcesBuildPhase section */
		F34310942B953A010062A6D4 /* Sources */ = {
			isa = PBXSourcesBuildPhase;
			buildActionMask = 2147483647;
			files = (
				F3900E852BAC116D00C37122 /* AthletesList.swift in Sources */,
				F31187832BFA082B004E3647 /* ExportCSV.swift in Sources */,
				F39AAA902BAC159B0054C0C2 /* SashimiApp.swift in Sources */,
				F3900E862BAC116D00C37122 /* EditEvent.swift in Sources */,
				F3900E872BAC116D00C37122 /* CarnivalView.swift in Sources */,
				F3900E882BAC116D00C37122 /* CarnivalModel.swift in Sources */,
				F3ABCEBE2C0604B40077A636 /* CarnivalToolbar.swift in Sources */,
				F33F45402C0DC2720085ED61 /* Ranks.swift in Sources */,
				F3900E892BAC116D00C37122 /* CarnivalLabelButton.swift in Sources */,
				F3C983E52C22EBBD008F3F4F /* ImportCSV.swift in Sources */,
				F3900E8A2BAC116D00C37122 /* NoCarnivalSelected.swift in Sources */,
				F33F453E2C0DC2720085ED61 /* ScoreEvent.swift in Sources */,
				F33F453F2C0DC2720085ED61 /* AthleteTiming.swift in Sources */,
				F39AAA8F2BAC15980054C0C2 /* ContentView.swift in Sources */,
				F33F45412C0DC2720085ED61 /* AthleteSelection.swift in Sources */,
				F3900E8B2BAC116D00C37122 /* NewCarnival.swift in Sources */,
				F3900E8C2BAC116D00C37122 /* CarnivalSettings.swift in Sources */,
				F3900E8E2BAC116D00C37122 /* CarnivalList.swift in Sources */,
				F3900E8F2BAC116D00C37122 /* EventsList.swift in Sources */,
				F3900E902BAC116D00C37122 /* NewEvent.swift in Sources */,
				F3900E912BAC116D00C37122 /* EditAthlete.swift in Sources */,
				F31EF2ED2C040A5F00E65830 /* WelcomeScreen.swift in Sources */,
				F3760CA02C0497EC00CEE571 /* FileLabelButton.swift in Sources */,
				F3900E932BAC116D00C37122 /* NewAthlete.swift in Sources */,
			);
			runOnlyForDeploymentPostprocessing = 0;
		};
		F34310A52B953A040062A6D4 /* Sources */ = {
			isa = PBXSourcesBuildPhase;
			buildActionMask = 2147483647;
			files = (
				F3900E832BAC115200C37122 /* Tests.swift in Sources */,
			);
			runOnlyForDeploymentPostprocessing = 0;
		};
/* End PBXSourcesBuildPhase section */

/* Begin PBXTargetDependency section */
		F34310AB2B953A040062A6D4 /* PBXTargetDependency */ = {
			isa = PBXTargetDependency;
			target = F34310972B953A010062A6D4 /* Sashimi */;
			targetProxy = F34310AA2B953A040062A6D4 /* PBXContainerItemProxy */;
		};
/* End PBXTargetDependency section */

/* Begin XCBuildConfiguration section */
		F34310BB2B953A040062A6D4 /* Debug */ = {
			isa = XCBuildConfiguration;
			buildSettings = {
				ALWAYS_SEARCH_USER_PATHS = NO;
				ASSETCATALOG_COMPILER_GENERATE_SWIFT_ASSET_SYMBOL_EXTENSIONS = YES;
				CLANG_ANALYZER_NONNULL = YES;
				CLANG_ANALYZER_NUMBER_OBJECT_CONVERSION = YES_AGGRESSIVE;
				CLANG_CXX_LANGUAGE_STANDARD = "gnu++20";
				CLANG_ENABLE_MODULES = YES;
				CLANG_ENABLE_OBJC_ARC = YES;
				CLANG_ENABLE_OBJC_WEAK = YES;
				CLANG_WARN_BLOCK_CAPTURE_AUTORELEASING = YES;
				CLANG_WARN_BOOL_CONVERSION = YES;
				CLANG_WARN_COMMA = YES;
				CLANG_WARN_CONSTANT_CONVERSION = YES;
				CLANG_WARN_DEPRECATED_OBJC_IMPLEMENTATIONS = YES;
				CLANG_WARN_DIRECT_OBJC_ISA_USAGE = YES_ERROR;
				CLANG_WARN_DOCUMENTATION_COMMENTS = YES;
				CLANG_WARN_EMPTY_BODY = YES;
				CLANG_WARN_ENUM_CONVERSION = YES;
				CLANG_WARN_INFINITE_RECURSION = YES;
				CLANG_WARN_INT_CONVERSION = YES;
				CLANG_WARN_NON_LITERAL_NULL_CONVERSION = YES;
				CLANG_WARN_OBJC_IMPLICIT_RETAIN_SELF = YES;
				CLANG_WARN_OBJC_LITERAL_CONVERSION = YES;
				CLANG_WARN_OBJC_ROOT_CLASS = YES_ERROR;
				CLANG_WARN_QUOTED_INCLUDE_IN_FRAMEWORK_HEADER = YES;
				CLANG_WARN_RANGE_LOOP_ANALYSIS = YES;
				CLANG_WARN_STRICT_PROTOTYPES = YES;
				CLANG_WARN_SUSPICIOUS_MOVE = YES;
				CLANG_WARN_UNGUARDED_AVAILABILITY = YES_AGGRESSIVE;
				CLANG_WARN_UNREACHABLE_CODE = YES;
				CLANG_WARN__DUPLICATE_METHOD_MATCH = YES;
				CODE_SIGN_ENTITLEMENTS = "/Users/tomkeir/Library/CloudStorage/GoogleDrive-thomas.keir3@education.nsw.gov.au/My Drive/Stage 6/SDD/Year 12/Assessment 3/SDD-Assignment/Sashimi/Sashimi/Sashimi.entitlements";
				COPY_PHASE_STRIP = NO;
				DEAD_CODE_STRIPPING = YES;
				DEBUG_INFORMATION_FORMAT = dwarf;
				ENABLE_STRICT_OBJC_MSGSEND = YES;
				ENABLE_TESTABILITY = YES;
				ENABLE_USER_SCRIPT_SANDBOXING = YES;
				GCC_C_LANGUAGE_STANDARD = gnu17;
				GCC_DYNAMIC_NO_PIC = NO;
				GCC_NO_COMMON_BLOCKS = YES;
				GCC_OPTIMIZATION_LEVEL = 0;
				GCC_PREPROCESSOR_DEFINITIONS = (
					"DEBUG=1",
					"$(inherited)",
				);
				GCC_WARN_64_TO_32_BIT_CONVERSION = YES;
				GCC_WARN_ABOUT_RETURN_TYPE = YES_ERROR;
				GCC_WARN_UNDECLARED_SELECTOR = YES;
				GCC_WARN_UNINITIALIZED_AUTOS = YES_AGGRESSIVE;
				GCC_WARN_UNUSED_FUNCTION = YES;
				GCC_WARN_UNUSED_VARIABLE = YES;
				LOCALIZATION_PREFERS_STRING_CATALOGS = YES;
				MACOSX_DEPLOYMENT_TARGET = 14.2;
				MTL_ENABLE_DEBUG_INFO = INCLUDE_SOURCE;
				MTL_FAST_MATH = YES;
				ONLY_ACTIVE_ARCH = YES;
				SDKROOT = macosx;
				SWIFT_ACTIVE_COMPILATION_CONDITIONS = "DEBUG $(inherited)";
				SWIFT_OPTIMIZATION_LEVEL = "-Onone";
			};
			name = Debug;
		};
		F34310BC2B953A040062A6D4 /* Release */ = {
			isa = XCBuildConfiguration;
			buildSettings = {
				ALWAYS_SEARCH_USER_PATHS = NO;
				ASSETCATALOG_COMPILER_GENERATE_SWIFT_ASSET_SYMBOL_EXTENSIONS = YES;
				CLANG_ANALYZER_NONNULL = YES;
				CLANG_ANALYZER_NUMBER_OBJECT_CONVERSION = YES_AGGRESSIVE;
				CLANG_CXX_LANGUAGE_STANDARD = "gnu++20";
				CLANG_ENABLE_MODULES = YES;
				CLANG_ENABLE_OBJC_ARC = YES;
				CLANG_ENABLE_OBJC_WEAK = YES;
				CLANG_WARN_BLOCK_CAPTURE_AUTORELEASING = YES;
				CLANG_WARN_BOOL_CONVERSION = YES;
				CLANG_WARN_COMMA = YES;
				CLANG_WARN_CONSTANT_CONVERSION = YES;
				CLANG_WARN_DEPRECATED_OBJC_IMPLEMENTATIONS = YES;
				CLANG_WARN_DIRECT_OBJC_ISA_USAGE = YES_ERROR;
				CLANG_WARN_DOCUMENTATION_COMMENTS = YES;
				CLANG_WARN_EMPTY_BODY = YES;
				CLANG_WARN_ENUM_CONVERSION = YES;
				CLANG_WARN_INFINITE_RECURSION = YES;
				CLANG_WARN_INT_CONVERSION = YES;
				CLANG_WARN_NON_LITERAL_NULL_CONVERSION = YES;
				CLANG_WARN_OBJC_IMPLICIT_RETAIN_SELF = YES;
				CLANG_WARN_OBJC_LITERAL_CONVERSION = YES;
				CLANG_WARN_OBJC_ROOT_CLASS = YES_ERROR;
				CLANG_WARN_QUOTED_INCLUDE_IN_FRAMEWORK_HEADER = YES;
				CLANG_WARN_RANGE_LOOP_ANALYSIS = YES;
				CLANG_WARN_STRICT_PROTOTYPES = YES;
				CLANG_WARN_SUSPICIOUS_MOVE = YES;
				CLANG_WARN_UNGUARDED_AVAILABILITY = YES_AGGRESSIVE;
				CLANG_WARN_UNREACHABLE_CODE = YES;
				CLANG_WARN__DUPLICATE_METHOD_MATCH = YES;
				CODE_SIGN_ENTITLEMENTS = "/Users/tomkeir/Library/CloudStorage/GoogleDrive-thomas.keir3@education.nsw.gov.au/My Drive/Stage 6/SDD/Year 12/Assessment 3/SDD-Assignment/Sashimi/Sashimi/Sashimi.entitlements";
				COPY_PHASE_STRIP = NO;
				DEAD_CODE_STRIPPING = YES;
				DEBUG_INFORMATION_FORMAT = "dwarf-with-dsym";
				ENABLE_NS_ASSERTIONS = NO;
				ENABLE_STRICT_OBJC_MSGSEND = YES;
				ENABLE_USER_SCRIPT_SANDBOXING = YES;
				GCC_C_LANGUAGE_STANDARD = gnu17;
				GCC_NO_COMMON_BLOCKS = YES;
				GCC_WARN_64_TO_32_BIT_CONVERSION = YES;
				GCC_WARN_ABOUT_RETURN_TYPE = YES_ERROR;
				GCC_WARN_UNDECLARED_SELECTOR = YES;
				GCC_WARN_UNINITIALIZED_AUTOS = YES_AGGRESSIVE;
				GCC_WARN_UNUSED_FUNCTION = YES;
				GCC_WARN_UNUSED_VARIABLE = YES;
				LOCALIZATION_PREFERS_STRING_CATALOGS = YES;
				MACOSX_DEPLOYMENT_TARGET = 14.2;
				MTL_ENABLE_DEBUG_INFO = NO;
				MTL_FAST_MATH = YES;
				SDKROOT = macosx;
				SWIFT_COMPILATION_MODE = wholemodule;
			};
			name = Release;
		};
		F34310BE2B953A040062A6D4 /* Debug */ = {
			isa = XCBuildConfiguration;
			buildSettings = {
				ASSETCATALOG_COMPILER_APPICON_NAME = AppIcon;
				ASSETCATALOG_COMPILER_GLOBAL_ACCENT_COLOR_NAME = AccentColor;
				ASSETCATALOG_COMPILER_INCLUDE_ALL_APPICON_ASSETS = YES;
				CODE_SIGN_ENTITLEMENTS = Sashimi.entitlements;
				CODE_SIGN_IDENTITY = "Apple Development";
				"CODE_SIGN_IDENTITY[sdk=macosx*]" = "Apple Development";
				CODE_SIGN_STYLE = Automatic;
				COMBINE_HIDPI_IMAGES = YES;
				CURRENT_PROJECT_VERSION = 1;
				DEAD_CODE_STRIPPING = YES;
				DEVELOPMENT_ASSET_PATHS = "";
				DEVELOPMENT_TEAM = Y3CW63NYEW;
				ENABLE_HARDENED_RUNTIME = YES;
				ENABLE_PREVIEWS = YES;
				GENERATE_INFOPLIST_FILE = YES;
				INFOPLIST_FILE = Info.plist;
				INFOPLIST_KEY_CFBundleDisplayName = "Sashimi Beta";
				INFOPLIST_KEY_LSApplicationCategoryType = "public.app-category.sports";
				INFOPLIST_KEY_NSHumanReadableCopyright = "Copyright ©️ 2024 Tom Keir";
				LD_RUNPATH_SEARCH_PATHS = (
					"$(inherited)",
					"@executable_path/../Frameworks",
				);
				MARKETING_VERSION = 0.1;
				PRODUCT_BUNDLE_IDENTIFIER = com.tomkeir.Sashimi;
				PRODUCT_NAME = "$(TARGET_NAME)";
				PROVISIONING_PROFILE_SPECIFIER = "";
				SWIFT_EMIT_LOC_STRINGS = YES;
				SWIFT_VERSION = 5.0;
			};
			name = Debug;
		};
		F34310BF2B953A040062A6D4 /* Release */ = {
			isa = XCBuildConfiguration;
			buildSettings = {
				ASSETCATALOG_COMPILER_APPICON_NAME = AppIcon;
				ASSETCATALOG_COMPILER_GLOBAL_ACCENT_COLOR_NAME = AccentColor;
				ASSETCATALOG_COMPILER_INCLUDE_ALL_APPICON_ASSETS = YES;
				CODE_SIGN_ENTITLEMENTS = Sashimi.entitlements;
				CODE_SIGN_IDENTITY = "Apple Development";
				"CODE_SIGN_IDENTITY[sdk=macosx*]" = "Apple Development";
				CODE_SIGN_STYLE = Automatic;
				COMBINE_HIDPI_IMAGES = YES;
				CURRENT_PROJECT_VERSION = 1;
				DEAD_CODE_STRIPPING = YES;
				DEVELOPMENT_ASSET_PATHS = "";
				DEVELOPMENT_TEAM = Y3CW63NYEW;
				ENABLE_HARDENED_RUNTIME = YES;
				ENABLE_PREVIEWS = YES;
				GENERATE_INFOPLIST_FILE = YES;
				INFOPLIST_FILE = Info.plist;
				INFOPLIST_KEY_CFBundleDisplayName = "Sashimi Beta";
				INFOPLIST_KEY_LSApplicationCategoryType = "public.app-category.sports";
				INFOPLIST_KEY_NSHumanReadableCopyright = "Copyright ©️ 2024 Tom Keir";
				LD_RUNPATH_SEARCH_PATHS = (
					"$(inherited)",
					"@executable_path/../Frameworks",
				);
				MARKETING_VERSION = 0.1;
				PRODUCT_BUNDLE_IDENTIFIER = com.tomkeir.Sashimi;
				PRODUCT_NAME = "$(TARGET_NAME)";
				PROVISIONING_PROFILE_SPECIFIER = "";
				SWIFT_EMIT_LOC_STRINGS = YES;
				SWIFT_VERSION = 5.0;
			};
			name = Release;
		};
		F34310C12B953A040062A6D4 /* Debug */ = {
			isa = XCBuildConfiguration;
			buildSettings = {
				ALWAYS_EMBED_SWIFT_STANDARD_LIBRARIES = YES;
				BUNDLE_LOADER = "$(TEST_HOST)";
				CODE_SIGN_ENTITLEMENTS = Sashimi.entitlements;
				"CODE_SIGN_IDENTITY[sdk=macosx*]" = "Apple Development";
				CODE_SIGN_STYLE = Automatic;
				CURRENT_PROJECT_VERSION = 1;
				DEAD_CODE_STRIPPING = YES;
				DEVELOPMENT_TEAM = Y3CW63NYEW;
				GENERATE_INFOPLIST_FILE = YES;
				MACOSX_DEPLOYMENT_TARGET = 14.2;
				MARKETING_VERSION = 1.0;
				PRODUCT_BUNDLE_IDENTIFIER = "com.tomkeir.Swim-CarnivalTests";
				PRODUCT_NAME = "$(TARGET_NAME)";
				SWIFT_EMIT_LOC_STRINGS = NO;
				SWIFT_VERSION = 5.0;
				TEST_HOST = "$(BUILT_PRODUCTS_DIR)/Sashimi.app/$(BUNDLE_EXECUTABLE_FOLDER_PATH)/Sashimi";
			};
			name = Debug;
		};
		F34310C22B953A040062A6D4 /* Release */ = {
			isa = XCBuildConfiguration;
			buildSettings = {
				ALWAYS_EMBED_SWIFT_STANDARD_LIBRARIES = YES;
				BUNDLE_LOADER = "$(TEST_HOST)";
				CODE_SIGN_ENTITLEMENTS = Sashimi.entitlements;
				"CODE_SIGN_IDENTITY[sdk=macosx*]" = "Apple Development";
				CODE_SIGN_STYLE = Automatic;
				CURRENT_PROJECT_VERSION = 1;
				DEAD_CODE_STRIPPING = YES;
				DEVELOPMENT_TEAM = Y3CW63NYEW;
				GENERATE_INFOPLIST_FILE = YES;
				MACOSX_DEPLOYMENT_TARGET = 14.2;
				MARKETING_VERSION = 1.0;
				PRODUCT_BUNDLE_IDENTIFIER = "com.tomkeir.Swim-CarnivalTests";
				PRODUCT_NAME = "$(TARGET_NAME)";
				SWIFT_EMIT_LOC_STRINGS = NO;
				SWIFT_VERSION = 5.0;
				TEST_HOST = "$(BUILT_PRODUCTS_DIR)/Sashimi.app/$(BUNDLE_EXECUTABLE_FOLDER_PATH)/Sashimi";
			};
			name = Release;
		};
/* End XCBuildConfiguration section */

/* Begin XCConfigurationList section */
		F34310932B953A010062A6D4 /* Build configuration list for PBXProject "Sashimi" */ = {
			isa = XCConfigurationList;
			buildConfigurations = (
				F34310BB2B953A040062A6D4 /* Debug */,
				F34310BC2B953A040062A6D4 /* Release */,
			);
			defaultConfigurationIsVisible = 0;
			defaultConfigurationName = Release;
		};
		F34310BD2B953A040062A6D4 /* Build configuration list for PBXNativeTarget "Sashimi" */ = {
			isa = XCConfigurationList;
			buildConfigurations = (
				F34310BE2B953A040062A6D4 /* Debug */,
				F34310BF2B953A040062A6D4 /* Release */,
			);
			defaultConfigurationIsVisible = 0;
			defaultConfigurationName = Release;
		};
		F34310C02B953A040062A6D4 /* Build configuration list for PBXNativeTarget "SashimiTests" */ = {
			isa = XCConfigurationList;
			buildConfigurations = (
				F34310C12B953A040062A6D4 /* Debug */,
				F34310C22B953A040062A6D4 /* Release */,
			);
			defaultConfigurationIsVisible = 0;
			defaultConfigurationName = Release;
		};
/* End XCConfigurationList section */
	};
	rootObject = F34310902B953A010062A6D4 /* Project object */;
}
